
Microsoft Visual Studio Solution File, Format Version 12.00
Project("{FAE04EC0-301F-11D3-BF4B-00C04F79EFBC}") = "CSharpConsoleMenu", "CSharpConsoleMenu\CSharpConsoleMenu.csproj", "{4D4A406C-247D-482D-9817-10E8B82B74F3}"
EndProject
Project("{FAE04EC0-301F-11D3-BF4B-00C04F79EFBC}") = "LibraryTest", "LibraryTest\LibraryTest.csproj", "{81ACC250-4504-4292-BB0C-E0C164D4E598}"
EndProject
Global
	GlobalSection(SolutionConfigurationPlatforms) = preSolution
		Debug|Any CPU = Debug|Any CPU
		Release|Any CPU = Release|Any CPU
	EndGlobalSection
	GlobalSection(ProjectConfigurationPlatforms) = postSolution
		{4D4A406C-247D-482D-9817-10E8B82B74F3}.Debug|Any CPU.ActiveCfg = Debug|Any CPU
		{4D4A406C-247D-482D-9817-10E8B82B74F3}.Debug|Any CPU.Build.0 = Debug|Any CPU
		{4D4A406C-247D-482D-9817-10E8B82B74F3}.Release|Any CPU.ActiveCfg = Release|Any CPU
		{4D4A406C-247D-482D-9817-10E8B82B74F3}.Release|Any CPU.Build.0 = Release|Any CPU
		{81ACC250-4504-4292-BB0C-E0C164D4E598}.Debug|Any CPU.ActiveCfg = Debug|Any CPU
		{81ACC250-4504-4292-BB0C-E0C164D4E598}.Debug|Any CPU.Build.0 = Debug|Any CPU
		{81ACC250-4504-4292-BB0C-E0C164D4E598}.Release|Any CPU.ActiveCfg = Release|Any CPU
		{81ACC250-4504-4292-BB0C-E0C164D4E598}.Release|Any CPU.Build.0 = Release|Any CPU
	EndGlobalSection
EndGlobal
